
Microsoft Visual Studio Solution File, Format Version 12.00
# Visual Studio Version 16
VisualStudioVersion = 16.0.29215.179
MinimumVisualStudioVersion = 10.0.40219.1
Project("{9A19103F-16F7-4668-BE54-9A1E7A4F7556}") = "RealTimeChat", "RealTimeChat.csproj", "{DDAB59BD-CB4F-4B16-ACA2-6B0675C56379}"
EndProject
Global
	GlobalSection(SolutionConfigurationPlatforms) = preSolution
		Debug|Any CPU = Debug|Any CPU
		Release|Any CPU = Release|Any CPU
	EndGlobalSection
	GlobalSection(ProjectConfigurationPlatforms) = postSolution
		{DDAB59BD-CB4F-4B16-ACA2-6B0675C56379}.Debug|Any CPU.ActiveCfg = Debug|Any CPU
		{DDAB59BD-CB4F-4B16-ACA2-6B0675C56379}.Debug|Any CPU.Build.0 = Debug|Any CPU
		{DDAB59BD-CB4F-4B16-ACA2-6B0675C56379}.Release|Any CPU.ActiveCfg = Release|Any CPU
		{DDAB59BD-CB4F-4B16-ACA2-6B0675C56379}.Release|Any CPU.Build.0 = Release|Any CPU
	EndGlobalSection
	GlobalSection(SolutionProperties) = preSolution
		HideSolutionNode = FALSE
	EndGlobalSection
	GlobalSection(ExtensibilityGlobals) = postSolution
		SolutionGuid = {F62EFEAB-61BE-455A-B11A-E376B2F2B1B6}
	EndGlobalSection
EndGlobal
